{
  "originHash" : "84a50a00245ef1d4965b5f75f4dcbbd47af054ff02a1bc7943f6244562f0ec36",
  "pins" : [
    {
      "identity" : "alamofire",
      "kind" : "remoteSourceControl",
      "location" : "https://github.com/Alamofire/Alamofire.git",
      "state" : {
        "revision" : "f455c2975872ccd2d9c81594c658af65716e9b9a",
        "version" : "5.9.1"
      }
    },
    {
      "identity" : "fittedsheets",
      "kind" : "remoteSourceControl",
      "location" : "https://github.com/gordontucker/FittedSheets.git",
      "state" : {
        "revision" : "5d7f5a6307ad510aa05de5a4a16ac40846d3b2d3",
        "version" : "2.6.1"
      }
    },
    {
      "identity" : "rxswift",
      "kind" : "remoteSourceControl",
      "location" : "https://github.com/ReactiveX/RxSwift.git",
      "state" : {
        "revision" : "b06a8c8596e4c3e8e7788e08e720e3248563ce6a",
        "version" : "6.7.1"
      }
    },
    {
      "identity" : "sdwebimage",
      "kind" : "remoteSourceControl",
      "location" : "https://github.com/SDWebImage/SDWebImage.git",
      "state" : {
        "revision" : "8a1be70a625683bc04d6903e2935bf23f3c6d609",
        "version" : "5.19.7"
      }
    },
    {
      "identity" : "swiftloader",
      "kind" : "remoteSourceControl",
      "location" : "https://github.com/leoru/SwiftLoader",
      "state" : {
        "revision" : "3d03ac07764075bfab4c9ce9d5ba4556d6af350e",
        "version" : "1.1.0"
      }
    }
  ],
  "version" : 3
}
